
Microsoft Visual Studio Solution File, Format Version 12.00
# Visual Studio Version 16
VisualStudioVersion = 16.0.31205.134
MinimumVisualStudioVersion = 10.0.40219.1
Project("{FAE04EC0-301F-11D3-BF4B-00C04F79EFBC}") = "Shopify_Image_App", "Shopify_Image_App\Shopify_Image_App.csproj", "{3419286C-A67D-49A6-8AF0-1F91032F71C5}"
EndProject
Project("{FAE04EC0-301F-11D3-BF4B-00C04F79EFBC}") = "Shopify_Image_App.XUnitTest", "Shopify_Image_App.XUnitTest\Shopify_Image_App.XUnitTest.csproj", "{EF209B7F-72A6-4FD4-8EE9-FE9D371FA3BB}"
EndProject
Global
	GlobalSection(SolutionConfigurationPlatforms) = preSolution
		Debug|Any CPU = Debug|Any CPU
		Release|Any CPU = Release|Any CPU
	EndGlobalSection
	GlobalSection(ProjectConfigurationPlatforms) = postSolution
		{3419286C-A67D-49A6-8AF0-1F91032F71C5}.Debug|Any CPU.ActiveCfg = Debug|Any CPU
		{3419286C-A67D-49A6-8AF0-1F91032F71C5}.Debug|Any CPU.Build.0 = Debug|Any CPU
		{3419286C-A67D-49A6-8AF0-1F91032F71C5}.Release|Any CPU.ActiveCfg = Release|Any CPU
		{3419286C-A67D-49A6-8AF0-1F91032F71C5}.Release|Any CPU.Build.0 = Release|Any CPU
		{EF209B7F-72A6-4FD4-8EE9-FE9D371FA3BB}.Debug|Any CPU.ActiveCfg = Debug|Any CPU
		{EF209B7F-72A6-4FD4-8EE9-FE9D371FA3BB}.Debug|Any CPU.Build.0 = Debug|Any CPU
		{EF209B7F-72A6-4FD4-8EE9-FE9D371FA3BB}.Release|Any CPU.ActiveCfg = Release|Any CPU
		{EF209B7F-72A6-4FD4-8EE9-FE9D371FA3BB}.Release|Any CPU.Build.0 = Release|Any CPU
	EndGlobalSection
	GlobalSection(SolutionProperties) = preSolution
		HideSolutionNode = FALSE
	EndGlobalSection
	GlobalSection(ExtensibilityGlobals) = postSolution
		SolutionGuid = {2E3F52EB-658A-47DA-A774-94BDFBDEB988}
	EndGlobalSection
EndGlobal
